github.com/google/gousb v0.0.0-20190812193832-18f4c1d8a750 h1:DVKHLo3yE4psTjD9aM2pY7EHoicaQbgmaxxvvHC6ZSM=
github.com/google/gousb v0.0.0-20190812193832-18f4c1d8a750/go.mod h1:Tl4HdAs1ThE3gECkNwz+1MWicX6FXddhJEw7L8jRDiI=
github.com/gotmc/convert v0.2.0 h1:aWOTiy1PfaXoyPcqHyinGKkHgrdENTybUvrH7AOZLS0=
github.com/gotmc/convert v0.2.0/go.mod h1:ZuXbN0TaRi0AStPHR7iz2h2kgr1wlxYo2kTTNxwA1QU=
github.com/gotmc/libusb/v2 v2.0.1/go.mod h1:9qqj9Qj2yH47LUzBuqcL/kK75ZX2t+ysJacKhyzDCvQ=
github.com/gotmc/lxi v0.2.0/go.mod h1:d/o4QlGfE/LPU43MhP3oClmzS279FAHJgE3vTYT7D9U=
github.com/gotmc/lxi v0.3.0 h1:2MymU5lJ56pmNq6y5vGpkY5FrPkOStk0oeH86sZDyOU=
github.com/gotmc/lxi v0.3.0/go.mod h1:d/o4QlGfE/LPU43MhP3oClmzS279FAHJgE3vTYT7D9U=
github.com/gotmc/prologix v0.3.0 h1:I5zefTd4lRS/AFJx1hezTkh/hoS0zyxwFC/AA40cOM8=
github.com/gotmc/prologix v0.3.0/go.mod h1:FnuXfnWabcHPbDvEwO8WJM9aCOgTHPUmES3wDwbQGtQ=
github.com/gotmc/query v0.3.0 h1:BQVgamoBu0M0YZAsaPeJ9QkXnK1cip3LcS46fK/9IXE=
github.com/gotmc/query v0.3.0/go.mod h1:2VGaw9UvERnQjhrjb1S2r4EzzE2FUeP19s8i424sGr8=
github.com/gotmc/visa v0.2.0 h1:p0vwTj4PPwM2R63EitptEqzdku6lxcLh0jsAnb/oVwk=
github.com/gotmc/visa v0.2.0/go.mod h1:7EnNTYsIjWusTaJpPjSKhMVCh4INzj0NokV3iMiwgUc=
github.com/tarm/serial v0.0.0-20180830185346-98f6abe2eb07 h1:UyzmZLoiDWMRywV4DUYb9Fbt8uiOSooupjTq10vpvnU=
github.com/tarm/serial v0.0.0-20180830185346-98f6abe2eb07/go.mod h1:kDXzergiv9cbyO7IOYJZWg1U88JhDg3PB6klq9Hg2pA=
golang.org/x/sys v0.0.0-20200106162015-b016eb3dc98e h1:LwyF2AFISC9nVbS6MgzsaQNSUsRXI49GS+YQ5KX/QH0=
golang.org/x/sys v0.0.0-20200106162015-b016eb3dc98e/go.mod h1:h1NjWce9XRLGQEsW7wpKNCjG9DtNlClVuFLEZdDNbEs=
