github.com/creack/goselect v0.1.3 h1:MaGNMclRo7P2Jl21hBpR1Cn33ITSbKP6E49RtfblLKc=
github.com/creack/goselect v0.1.3/go.mod h1:a/NhLweNvqIYMuxcMOuWY516Cimucms3DglDzQP3hKY=
github.com/davecgh/go-spew v1.1.1 h1:vj9j/u1bqnvCEfJOwUhtlOARqs3+rkHYY13jYWTU97c=
github.com/davecgh/go-spew v1.1.1/go.mod h1:J7Y8YcW2NihsgmVo/mv3lAwl/skON4iLHjSsI+c5H38=
github.com/google/gousb v1.1.3 h1:xt6M5TDsGSZ+rlomz5Si5Hmd/Fvbmo2YCJHN+yGaK4o=
github.com/google/gousb v1.1.3/go.mod h1:GGWUkK0gAXDzxhwrzetW592aOmkkqSGcj5KLEgmCVUg=
github.com/gotmc/asrl v0.14.0 h1:SYQPTX2ZZ5qF59J+wZsF/gaMtt00VyXipbrytj6+oUc=
github.com/gotmc/asrl v0.14.0/go.mod h1:7qM2M6/fhDFweoyubHCTAZCfWmyYm4kUzKTxPlNSlhQ=
github.com/gotmc/convert v0.5.1 h1:AxW06xVnClqtf6VYpfPI+vktcYgR7EgbLb1/ZXE76ZM=
github.com/gotmc/convert v0.5.1/go.mod h1:ClVdnU/ZcOFgUQWXgHexlLqE9/AFEeo5uZDf9kkAtyw=
github.com/gotmc/ivi v0.28.0 h1:RyLktzjr4WmQQwGvwrrEhtskue5IBqZaT2SdDoO1MzE=
github.com/gotmc/ivi v0.28.0/go.mod h1:8DM+1m9rE1kQtXWH36fvwXLtBCykAPgW3Ux58d3CuBg=
github.com/gotmc/lxi v0.17.0 h1:oCVmjKzaX//vM1NBHmcNquwbK4MdDn/yPNIwosqVFH8=
github.com/gotmc/lxi v0.17.0/go.mod h1:ek/9pULcUPiWAnImYpIYe5glGudQc/eiQ98dAe9pvWY=
github.com/gotmc/prologix v0.11.0 h1:M429+nNkrr+9EPLcGhZK3b4e8HWfb91/MMWAEwWnNzY=
github.com/gotmc/prologix v0.11.0/go.mod h1:ibCHCjTHgqHw/1X1dDU1SldY89D6p16To0hpgCEikTg=
github.com/gotmc/query v0.7.1 h1:WLnOf2FBhEYfYgq2KMoDjXYjXuzva8Jk/FzUstCxHnA=
github.com/gotmc/query v0.7.1/go.mod h1:5Fe+Q3az2zfXXa4pdvQ95mgieY6Bf/XFEOyMtdKjukE=
github.com/gotmc/usbtmc v0.15.1 h1:teGZS8OpkhaGEN8sL9c+gABPE+fKUZlXOqSfntySc5g=
github.com/gotmc/usbtmc v0.15.1/go.mod h1:uxJZgaP68u5cgcU8qEbhJK3Jmk9mDTaeWO3xE7LWPEY=
github.com/gotmc/visa v0.16.0 h1:FZSZP9Sjm4PcCAg2TqBWZozXWou2b0R3R5Lr7PmBpkg=
github.com/gotmc/visa v0.16.0/go.mod h1:BMkVCmnlaQy7j0rEy19ncepVaBZ5Ig/DhC3MtO80OuM=
github.com/pmezard/go-difflib v1.0.0 h1:4DBwDE0NGyQoBHbLQYPwSUPoCMWR5BEzIk/f1lZbAQM=
github.com/pmezard/go-difflib v1.0.0/go.mod h1:iKH77koFhYxTK1pcRnkKkqfTogsbg7gZNVY4sRDYZ/4=
github.com/stretchr/testify v1.8.4 h1:CcVxjf3Q8PM0mHUKJCdn+eZZtm5yQwehR5yeSVQQcUk=
github.com/stretchr/testify v1.8.4/go.mod h1:sz/lmYIOXD/1dqDmKjjqLyZ2RngseejIcXlSw2iwfAo=
go.bug.st/serial v1.6.4 h1:7FmqNPgVp3pu2Jz5PoPtbZ9jJO5gnEnZIvnI1lzve8A=
go.bug.st/serial v1.6.4/go.mod h1:nofMJxTeNVny/m6+KaafC6vJGj3miwQZ6vW4BZUGJPI=
go.uber.org/multierr v1.11.0 h1:blXXJkSxSSfBVBlC76pxqeO+LN3aDfLQo+309xJstO0=
go.uber.org/multierr v1.11.0/go.mod h1:20+QtiLqy0Nd6FdQB9TLXag12DsQkrbs3htMFfDN80Y=
golang.org/x/sys v0.43.0 h1:Rlag2XtaFTxp19wS8MXlJwTvoh8ArU6ezoyFsMyCTNI=
golang.org/x/sys v0.43.0/go.mod h1:4GL1E5IUh+htKOUEOaiffhrAeqysfVGipDYzABqnCmw=
gopkg.in/yaml.v3 v3.0.1 h1:fxVm/GzAzEWqLHuvctI91KS9hhNmmWOoWu0XTYJS7CA=
gopkg.in/yaml.v3 v3.0.1/go.mod h1:K4uyk7z7BCEPqu6E+C64Yfv1cQ7kz7rIZviUmN+EgEM=
