github.com/google/gousb v0.0.0-20190812193832-18f4c1d8a750 h1:DVKHLo3yE4psTjD9aM2pY7EHoicaQbgmaxxvvHC6ZSM=
github.com/google/gousb v0.0.0-20190812193832-18f4c1d8a750/go.mod h1:Tl4HdAs1ThE3gECkNwz+1MWicX6FXddhJEw7L8jRDiI=
github.com/gotmc/ivi v0.2.0 h1:WmlSxW0Vdgb3o036/3nd4kE1vEbCFvGCsegWeGtmdBY=
github.com/gotmc/ivi v0.2.0/go.mod h1:vpfm0rVo1Jg6RuPB9f6wFAO+NL9K7kMzATt45LTWzR0=
github.com/gotmc/libusb v0.0.0-20191204152728-47e189886b84/go.mod h1:fa+kQZl2bW/pna0xryZpEE/ckwD8gqOWjNCewHGp+Aw=
github.com/gotmc/lxi v0.2.0 h1:AINk31UcOc/SH6k+zItxZoliB0liQ9LOJ9tAKGTiqdM=
github.com/gotmc/lxi v0.2.0/go.mod h1:d/o4QlGfE/LPU43MhP3oClmzS279FAHJgE3vTYT7D9U=
github.com/gotmc/prologix v0.2.0 h1:910XiNNf95bqDeBTm6aJUWZ2p7RoSTzrJTiUbA/gzJo=
github.com/gotmc/prologix v0.2.0/go.mod h1:FnuXfnWabcHPbDvEwO8WJM9aCOgTHPUmES3wDwbQGtQ=
github.com/gotmc/usbtmc v0.2.0 h1:poCcGYIE0q4cVnyMfRTjiov3pPFqT6nOB22nsSix/4A=
github.com/gotmc/usbtmc v0.2.0/go.mod h1:EeeCRUfRBOUpI//UUOREZ5w3u6YWgBdibdyoUsJtmwE=
github.com/gotmc/visa v0.2.0 h1:p0vwTj4PPwM2R63EitptEqzdku6lxcLh0jsAnb/oVwk=
github.com/gotmc/visa v0.2.0/go.mod h1:7EnNTYsIjWusTaJpPjSKhMVCh4INzj0NokV3iMiwgUc=
github.com/kylelemons/gousb v0.0.0-20170613091925-99e7ca4f0173/go.mod h1:5UsKSFw2EsQiNUwJoMuiSzUnh3sY7teV66+U230sgvk=
github.com/tarm/serial v0.0.0-20180830185346-98f6abe2eb07 h1:UyzmZLoiDWMRywV4DUYb9Fbt8uiOSooupjTq10vpvnU=
github.com/tarm/serial v0.0.0-20180830185346-98f6abe2eb07/go.mod h1:kDXzergiv9cbyO7IOYJZWg1U88JhDg3PB6klq9Hg2pA=
github.com/truveris/gousb v0.0.0-20160420111257-a0cc1ba42182/go.mod h1:gc2Wm/Rg29CItw/rIDIdqyoTbz1cqAkAWgYFNrgWuu0=
golang.org/x/sys v0.0.0-20200106162015-b016eb3dc98e h1:LwyF2AFISC9nVbS6MgzsaQNSUsRXI49GS+YQ5KX/QH0=
golang.org/x/sys v0.0.0-20200106162015-b016eb3dc98e/go.mod h1:h1NjWce9XRLGQEsW7wpKNCjG9DtNlClVuFLEZdDNbEs=
